{
  "lockfile_version": "1",
  "packages": {
    "docker@latest": {
      "last_modified": "2024-03-25T12:46:37Z",
      "resolved": "github:NixOS/nixpkgs/c726225724e681b3626acc941c6f95d2b0602087#docker",
      "source": "devbox-search",
      "version": "24.0.5",
      "systems": {
        "aarch64-darwin": {
          "outputs": [
            {
              "name": "out",
              "path": "/nix/store/7w9lk9nnxd1r6mqzjd3lf5grxlv6wps8-docker-24.0.5",
              "default": true
            }
          ],
          "store_path": "/nix/store/7w9lk9nnxd1r6mqzjd3lf5grxlv6wps8-docker-24.0.5"
        },
        "aarch64-linux": {
          "outputs": [
            {
              "name": "out",
              "path": "/nix/store/mlld9mk19i95qy86aqsxx66lcjn80425-docker-24.0.5",
              "default": true
            }
          ],
          "store_path": "/nix/store/mlld9mk19i95qy86aqsxx66lcjn80425-docker-24.0.5"
        },
        "x86_64-darwin": {
          "outputs": [
            {
              "name": "out",
              "path": "/nix/store/dah1dkdfi11bai33iy2cb2bzy5b1lf5d-docker-24.0.5",
              "default": true
            }
          ],
          "store_path": "/nix/store/dah1dkdfi11bai33iy2cb2bzy5b1lf5d-docker-24.0.5"
        },
        "x86_64-linux": {
          "outputs": [
            {
              "name": "out",
              "path": "/nix/store/2fg8vp4ll37g493li008sxixaqs54wwf-docker-24.0.5",
              "default": true
            }
          ],
          "store_path": "/nix/store/2fg8vp4ll37g493li008sxixaqs54wwf-docker-24.0.5"
        }
      }
    },
    "rye@latest": {
      "last_modified": "2024-03-23T13:32:18Z",
      "resolved": "github:NixOS/nixpkgs/20bc93ca7b2158ebc99b8cef987a2173a81cde35#rye",
      "source": "devbox-search",
      "version": "0.31.0",
      "systems": {
        "aarch64-darwin": {
          "outputs": [
            {
              "name": "out",
              "path": "/nix/store/jwfik26j02p5rh992dxdhs743qg5lf39-rye-0.31.0",
              "default": true
            }
          ],
          "store_path": "/nix/store/jwfik26j02p5rh992dxdhs743qg5lf39-rye-0.31.0"
        },
        "aarch64-linux": {
          "outputs": [
            {
              "name": "out",
              "path": "/nix/store/f3928rbyh22j47krik0myq762ymj050x-rye-0.31.0",
              "default": true
            }
          ],
          "store_path": "/nix/store/f3928rbyh22j47krik0myq762ymj050x-rye-0.31.0"
        },
        "x86_64-darwin": {
          "outputs": [
            {
              "name": "out",
              "path": "/nix/store/qqbd0855gihly56ablvm8zzvay6z3kx9-rye-0.31.0",
              "default": true
            }
          ],
          "store_path": "/nix/store/qqbd0855gihly56ablvm8zzvay6z3kx9-rye-0.31.0"
        },
        "x86_64-linux": {
          "outputs": [
            {
              "name": "out",
              "path": "/nix/store/8s9qkl0cc1i8af081nn8cwxkv6kwh6rf-rye-0.31.0",
              "default": true
            }
          ],
          "store_path": "/nix/store/8s9qkl0cc1i8af081nn8cwxkv6kwh6rf-rye-0.31.0"
        }
      }
    }
  }
}
